
Microsoft Visual Studio Solution File, Format Version 12.00
# Visual Studio 2012
Project("{FAE04EC0-301F-11D3-BF4B-00C04F79EFBC}") = "Perks", "Perks\Perks.csproj", "{AA5735C6-9F89-4E04-83FA-166435AA9005}"
EndProject
Project("{2150E333-8FDC-42A3-9474-1A3956D46DE8}") = ".nuget", ".nuget", "{D20B9EF4-BF76-42F9-8A4C-A8339AFC39A0}"
	ProjectSection(SolutionItems) = preProject
		.nuget\NuGet.Config = .nuget\NuGet.Config
		.nuget\NuGet.exe = .nuget\NuGet.exe
		.nuget\NuGet.targets = .nuget\NuGet.targets
	EndProjectSection
EndProject
Project("{FAE04EC0-301F-11D3-BF4B-00C04F79EFBC}") = "Perks.Tests", "Perks.Tests\Perks.Tests.csproj", "{34FFA612-FCE4-40D1-9635-EF19B90D99FA}"
EndProject
Project("{FAE04EC0-301F-11D3-BF4B-00C04F79EFBC}") = "Perks.Web", "Perks.Web\Perks.Web.csproj", "{486704AF-FFC4-4E32-8C04-EB59112063AD}"
EndProject
Project("{2150E333-8FDC-42A3-9474-1A3956D46DE8}") = "Solution Items", "Solution Items", "{2A8ADA26-0C6A-4345-8D73-BDF0830881E4}"
	ProjectSection(SolutionItems) = preProject
		SolutionInfo.cs = SolutionInfo.cs
	EndProjectSection
EndProject
Project("{FAE04EC0-301F-11D3-BF4B-00C04F79EFBC}") = "Perks.Mvc", "Perks.Mvc\Perks.Mvc.csproj", "{87DA5D46-8D93-44E0-97A2-E8391C6EC693}"
EndProject
Global
	GlobalSection(SolutionConfigurationPlatforms) = preSolution
		Debug|Any CPU = Debug|Any CPU
		Release|Any CPU = Release|Any CPU
	EndGlobalSection
	GlobalSection(ProjectConfigurationPlatforms) = postSolution
		{AA5735C6-9F89-4E04-83FA-166435AA9005}.Debug|Any CPU.ActiveCfg = Debug|Any CPU
		{AA5735C6-9F89-4E04-83FA-166435AA9005}.Debug|Any CPU.Build.0 = Debug|Any CPU
		{AA5735C6-9F89-4E04-83FA-166435AA9005}.Release|Any CPU.ActiveCfg = Release|Any CPU
		{AA5735C6-9F89-4E04-83FA-166435AA9005}.Release|Any CPU.Build.0 = Release|Any CPU
		{34FFA612-FCE4-40D1-9635-EF19B90D99FA}.Debug|Any CPU.ActiveCfg = Debug|Any CPU
		{34FFA612-FCE4-40D1-9635-EF19B90D99FA}.Debug|Any CPU.Build.0 = Debug|Any CPU
		{34FFA612-FCE4-40D1-9635-EF19B90D99FA}.Release|Any CPU.ActiveCfg = Release|Any CPU
		{34FFA612-FCE4-40D1-9635-EF19B90D99FA}.Release|Any CPU.Build.0 = Release|Any CPU
		{486704AF-FFC4-4E32-8C04-EB59112063AD}.Debug|Any CPU.ActiveCfg = Debug|Any CPU
		{486704AF-FFC4-4E32-8C04-EB59112063AD}.Debug|Any CPU.Build.0 = Debug|Any CPU
		{486704AF-FFC4-4E32-8C04-EB59112063AD}.Release|Any CPU.ActiveCfg = Release|Any CPU
		{486704AF-FFC4-4E32-8C04-EB59112063AD}.Release|Any CPU.Build.0 = Release|Any CPU
		{87DA5D46-8D93-44E0-97A2-E8391C6EC693}.Debug|Any CPU.ActiveCfg = Debug|Any CPU
		{87DA5D46-8D93-44E0-97A2-E8391C6EC693}.Debug|Any CPU.Build.0 = Debug|Any CPU
		{87DA5D46-8D93-44E0-97A2-E8391C6EC693}.Release|Any CPU.ActiveCfg = Release|Any CPU
		{87DA5D46-8D93-44E0-97A2-E8391C6EC693}.Release|Any CPU.Build.0 = Release|Any CPU
	EndGlobalSection
	GlobalSection(SolutionProperties) = preSolution
		HideSolutionNode = FALSE
	EndGlobalSection
EndGlobal
